
Microsoft Visual Studio Solution File, Format Version 12.00
# Visual Studio Version 17
VisualStudioVersion = 17.12.35527.113 d17.12
MinimumVisualStudioVersion = 10.0.40219.1
Project("{FAE04EC0-301F-11D3-BF4B-00C04F79EFBC}") = "E-Commerce.Web", "E-Commerce.Web\E-Commerce.Web.csproj", "{4D91C169-6849-4F05-9312-3F9EDF395FC4}"
EndProject
Project("{2150E333-8FDC-42A3-9474-1A3956D46DE8}") = "Core", "Core", "{87DE39AF-0228-4F80-A482-B83E94080572}"
EndProject
Project("{FAE04EC0-301F-11D3-BF4B-00C04F79EFBC}") = "DomainLayer", "Core\DomainLayer\DomainLayer.csproj", "{8A42E35D-AD5D-44DC-9B81-A7E3FAC41269}"
EndProject
Project("{FAE04EC0-301F-11D3-BF4B-00C04F79EFBC}") = "Service", "Core\Service\Service.csproj", "{2C5355C7-00D3-44BC-976A-DE40D8A8CFCF}"
EndProject
Project("{FAE04EC0-301F-11D3-BF4B-00C04F79EFBC}") = "ServiceAbstraction", "Core\ServiceAbstraction\ServiceAbstraction.csproj", "{61BE658A-DA1A-42FE-B515-CD4FD8EE1CB9}"
EndProject
Project("{2150E333-8FDC-42A3-9474-1A3956D46DE8}") = "InfraStructure", "InfraStructure", "{92EB6E84-90CD-4C5B-9ECE-6F6AF1A9E2C9}"
EndProject
Project("{FAE04EC0-301F-11D3-BF4B-00C04F79EFBC}") = "Persistence", "InfraStructure\Persistence\Persistence.csproj", "{CD70B32F-E900-4847-963D-B1630A2DDDD3}"
EndProject
Project("{FAE04EC0-301F-11D3-BF4B-00C04F79EFBC}") = "Presntation", "InfraStructure\Presntation\Presntation.csproj", "{2296AB7A-7EE4-44FB-B7FE-C35B14E44D78}"
EndProject
Project("{FAE04EC0-301F-11D3-BF4B-00C04F79EFBC}") = "Shared", "Shared\Shared.csproj", "{F3D9DA6A-9F81-4C13-B040-5020ED72E06B}"
EndProject
Global
	GlobalSection(SolutionConfigurationPlatforms) = preSolution
		Debug|Any CPU = Debug|Any CPU
		Release|Any CPU = Release|Any CPU
	EndGlobalSection
	GlobalSection(ProjectConfigurationPlatforms) = postSolution
		{4D91C169-6849-4F05-9312-3F9EDF395FC4}.Debug|Any CPU.ActiveCfg = Debug|Any CPU
		{4D91C169-6849-4F05-9312-3F9EDF395FC4}.Debug|Any CPU.Build.0 = Debug|Any CPU
		{4D91C169-6849-4F05-9312-3F9EDF395FC4}.Release|Any CPU.ActiveCfg = Release|Any CPU
		{4D91C169-6849-4F05-9312-3F9EDF395FC4}.Release|Any CPU.Build.0 = Release|Any CPU
		{8A42E35D-AD5D-44DC-9B81-A7E3FAC41269}.Debug|Any CPU.ActiveCfg = Debug|Any CPU
		{8A42E35D-AD5D-44DC-9B81-A7E3FAC41269}.Debug|Any CPU.Build.0 = Debug|Any CPU
		{8A42E35D-AD5D-44DC-9B81-A7E3FAC41269}.Release|Any CPU.ActiveCfg = Release|Any CPU
		{8A42E35D-AD5D-44DC-9B81-A7E3FAC41269}.Release|Any CPU.Build.0 = Release|Any CPU
		{2C5355C7-00D3-44BC-976A-DE40D8A8CFCF}.Debug|Any CPU.ActiveCfg = Debug|Any CPU
		{2C5355C7-00D3-44BC-976A-DE40D8A8CFCF}.Debug|Any CPU.Build.0 = Debug|Any CPU
		{2C5355C7-00D3-44BC-976A-DE40D8A8CFCF}.Release|Any CPU.ActiveCfg = Release|Any CPU
		{2C5355C7-00D3-44BC-976A-DE40D8A8CFCF}.Release|Any CPU.Build.0 = Release|Any CPU
		{61BE658A-DA1A-42FE-B515-CD4FD8EE1CB9}.Debug|Any CPU.ActiveCfg = Debug|Any CPU
		{61BE658A-DA1A-42FE-B515-CD4FD8EE1CB9}.Debug|Any CPU.Build.0 = Debug|Any CPU
		{61BE658A-DA1A-42FE-B515-CD4FD8EE1CB9}.Release|Any CPU.ActiveCfg = Release|Any CPU
		{61BE658A-DA1A-42FE-B515-CD4FD8EE1CB9}.Release|Any CPU.Build.0 = Release|Any CPU
		{CD70B32F-E900-4847-963D-B1630A2DDDD3}.Debug|Any CPU.ActiveCfg = Debug|Any CPU
		{CD70B32F-E900-4847-963D-B1630A2DDDD3}.Debug|Any CPU.Build.0 = Debug|Any CPU
		{CD70B32F-E900-4847-963D-B1630A2DDDD3}.Release|Any CPU.ActiveCfg = Release|Any CPU
		{CD70B32F-E900-4847-963D-B1630A2DDDD3}.Release|Any CPU.Build.0 = Release|Any CPU
		{2296AB7A-7EE4-44FB-B7FE-C35B14E44D78}.Debug|Any CPU.ActiveCfg = Debug|Any CPU
		{2296AB7A-7EE4-44FB-B7FE-C35B14E44D78}.Debug|Any CPU.Build.0 = Debug|Any CPU
		{2296AB7A-7EE4-44FB-B7FE-C35B14E44D78}.Release|Any CPU.ActiveCfg = Release|Any CPU
		{2296AB7A-7EE4-44FB-B7FE-C35B14E44D78}.Release|Any CPU.Build.0 = Release|Any CPU
		{F3D9DA6A-9F81-4C13-B040-5020ED72E06B}.Debug|Any CPU.ActiveCfg = Debug|Any CPU
		{F3D9DA6A-9F81-4C13-B040-5020ED72E06B}.Debug|Any CPU.Build.0 = Debug|Any CPU
		{F3D9DA6A-9F81-4C13-B040-5020ED72E06B}.Release|Any CPU.ActiveCfg = Release|Any CPU
		{F3D9DA6A-9F81-4C13-B040-5020ED72E06B}.Release|Any CPU.Build.0 = Release|Any CPU
	EndGlobalSection
	GlobalSection(SolutionProperties) = preSolution
		HideSolutionNode = FALSE
	EndGlobalSection
	GlobalSection(NestedProjects) = preSolution
		{8A42E35D-AD5D-44DC-9B81-A7E3FAC41269} = {87DE39AF-0228-4F80-A482-B83E94080572}
		{2C5355C7-00D3-44BC-976A-DE40D8A8CFCF} = {87DE39AF-0228-4F80-A482-B83E94080572}
		{61BE658A-DA1A-42FE-B515-CD4FD8EE1CB9} = {87DE39AF-0228-4F80-A482-B83E94080572}
		{CD70B32F-E900-4847-963D-B1630A2DDDD3} = {92EB6E84-90CD-4C5B-9ECE-6F6AF1A9E2C9}
		{2296AB7A-7EE4-44FB-B7FE-C35B14E44D78} = {92EB6E84-90CD-4C5B-9ECE-6F6AF1A9E2C9}
	EndGlobalSection
EndGlobal
